// !$*UTF8*$!
{
	archiveVersion = 1;
	classes = {
	};
	objectVersion = 46;
	objects = {

/* Begin PBXBuildFile section */
		D32A42FA1E8C244A000B23B0 /* PokeCell.swift in Sources */ = {isa = PBXBuildFile; fileRef = D32A42F91E8C244A000B23B0 /* PokeCell.swift */; };
		D32A42FC1E8D11C6000B23B0 /* csv.swift in Sources */ = {isa = PBXBuildFile; fileRef = D32A42FB1E8D11C6000B23B0 /* csv.swift */; };
		D32A42FE1E8D18EE000B23B0 /* pokemon.ttf in Resources */ = {isa = PBXBuildFile; fileRef = D32A42FD1E8D18ED000B23B0 /* pokemon.ttf */; };
		D32A43021E8D1BF1000B23B0 /* music.mp3 in Resources */ = {isa = PBXBuildFile; fileRef = D32A43011E8D1BF1000B23B0 /* music.mp3 */; };
		D32A43041E8D1BFC000B23B0 /* music.png in Resources */ = {isa = PBXBuildFile; fileRef = D32A43031E8D1BFC000B23B0 /* music.png */; };
		D32A43061E8E3E95000B23B0 /* PokemonDetailVC.swift in Sources */ = {isa = PBXBuildFile; fileRef = D32A43051E8E3E95000B23B0 /* PokemonDetailVC.swift */; };
		D32A43081E8EB7AB000B23B0 /* Constants.swift in Sources */ = {isa = PBXBuildFile; fileRef = D32A43071E8EB7AB000B23B0 /* Constants.swift */; };
		D35623541E889E6100372875 /* AppDelegate.swift in Sources */ = {isa = PBXBuildFile; fileRef = D35623531E889E6100372875 /* AppDelegate.swift */; };
		D35623561E889E6100372875 /* ViewController.swift in Sources */ = {isa = PBXBuildFile; fileRef = D35623551E889E6100372875 /* ViewController.swift */; };
		D35623591E889E6100372875 /* Main.storyboard in Resources */ = {isa = PBXBuildFile; fileRef = D35623571E889E6100372875 /* Main.storyboard */; };
		D356235B1E889E6100372875 /* Assets.xcassets in Resources */ = {isa = PBXBuildFile; fileRef = D356235A1E889E6100372875 /* Assets.xcassets */; };
		D356235E1E889E6100372875 /* LaunchScreen.storyboard in Resources */ = {isa = PBXBuildFile; fileRef = D356235C1E889E6100372875 /* LaunchScreen.storyboard */; };
		D35623841E88C42A00372875 /* pokemon.csv in Resources */ = {isa = PBXBuildFile; fileRef = D35623831E88C42A00372875 /* pokemon.csv */; };
		D356238B1E88C7ED00372875 /* Pokemon.swift in Sources */ = {isa = PBXBuildFile; fileRef = D356238A1E88C7ED00372875 /* Pokemon.swift */; };
		DF1A5D9AC0BF1B237E42822D /* Pods_pokedex.framework in Frameworks */ = {isa = PBXBuildFile; fileRef = A0B18038480D4D2D714DD76B /* Pods_pokedex.framework */; };
/* End PBXBuildFile section */

/* Begin PBXFileReference section */
		0EC08663CD423349D9358435 /* Pods-pokedex.release.xcconfig */ = {isa = PBXFileReference; includeInIndex = 1; lastKnownFileType = text.xcconfig; name = "Pods-pokedex.release.xcconfig"; path = "Pods/Target Support Files/Pods-pokedex/Pods-pokedex.release.xcconfig"; sourceTree = "<group>"; };
		12EA4E1B099F6186153E5B46 /* Pods-pokedex.debug.xcconfig */ = {isa = PBXFileReference; includeInIndex = 1; lastKnownFileType = text.xcconfig; name = "Pods-pokedex.debug.xcconfig"; path = "Pods/Target Support Files/Pods-pokedex/Pods-pokedex.debug.xcconfig"; sourceTree = "<group>"; };
		A0B18038480D4D2D714DD76B /* Pods_pokedex.framework */ = {isa = PBXFileReference; explicitFileType = wrapper.framework; includeInIndex = 0; path = Pods_pokedex.framework; sourceTree = BUILT_PRODUCTS_DIR; };
		D32A42F91E8C244A000B23B0 /* PokeCell.swift */ = {isa = PBXFileReference; fileEncoding = 4; lastKnownFileType = sourcecode.swift; path = PokeCell.swift; sourceTree = "<group>"; };
		D32A42FB1E8D11C6000B23B0 /* csv.swift */ = {isa = PBXFileReference; fileEncoding = 4; lastKnownFileType = sourcecode.swift; path = csv.swift; sourceTree = "<group>"; };
		D32A42FD1E8D18ED000B23B0 /* pokemon.ttf */ = {isa = PBXFileReference; lastKnownFileType = file; path = pokemon.ttf; sourceTree = "<group>"; };
		D32A43011E8D1BF1000B23B0 /* music.mp3 */ = {isa = PBXFileReference; lastKnownFileType = audio.mp3; path = music.mp3; sourceTree = "<group>"; };
		D32A43031E8D1BFC000B23B0 /* music.png */ = {isa = PBXFileReference; lastKnownFileType = image.png; path = music.png; sourceTree = "<group>"; };
		D32A43051E8E3E95000B23B0 /* PokemonDetailVC.swift */ = {isa = PBXFileReference; fileEncoding = 4; lastKnownFileType = sourcecode.swift; path = PokemonDetailVC.swift; sourceTree = "<group>"; };
		D32A43071E8EB7AB000B23B0 /* Constants.swift */ = {isa = PBXFileReference; fileEncoding = 4; lastKnownFileType = sourcecode.swift; path = Constants.swift; sourceTree = "<group>"; };
		D35623501E889E6100372875 /* pokedex.app */ = {isa = PBXFileReference; explicitFileType = wrapper.application; includeInIndex = 0; path = pokedex.app; sourceTree = BUILT_PRODUCTS_DIR; };
		D35623531E889E6100372875 /* AppDelegate.swift */ = {isa = PBXFileReference; lastKnownFileType = sourcecode.swift; path = AppDelegate.swift; sourceTree = "<group>"; };
		D35623551E889E6100372875 /* ViewController.swift */ = {isa = PBXFileReference; lastKnownFileType = sourcecode.swift; path = ViewController.swift; sourceTree = "<group>"; };
		D35623581E889E6100372875 /* Base */ = {isa = PBXFileReference; lastKnownFileType = file.storyboard; name = Base; path = Base.lproj/Main.storyboard; sourceTree = "<group>"; };
		D356235A1E889E6100372875 /* Assets.xcassets */ = {isa = PBXFileReference; lastKnownFileType = folder.assetcatalog; path = Assets.xcassets; sourceTree = "<group>"; };
		D356235D1E889E6100372875 /* Base */ = {isa = PBXFileReference; lastKnownFileType = file.storyboard; name = Base; path = Base.lproj/LaunchScreen.storyboard; sourceTree = "<group>"; };
		D356235F1E889E6100372875 /* Info.plist */ = {isa = PBXFileReference; lastKnownFileType = text.plist.xml; path = Info.plist; sourceTree = "<group>"; };
		D35623831E88C42A00372875 /* pokemon.csv */ = {isa = PBXFileReference; fileEncoding = 4; lastKnownFileType = text; path = pokemon.csv; sourceTree = "<group>"; };
		D356238A1E88C7ED00372875 /* Pokemon.swift */ = {isa = PBXFileReference; fileEncoding = 4; lastKnownFileType = sourcecode.swift; path = Pokemon.swift; sourceTree = "<group>"; };
/* End PBXFileReference section */

/* Begin PBXFrameworksBuildPhase section */
		D356234D1E889E6100372875 /* Frameworks */ = {
			isa = PBXFrameworksBuildPhase;
			buildActionMask = 2147483647;
			files = (
				DF1A5D9AC0BF1B237E42822D /* Pods_pokedex.framework in Frameworks */,
			);
			runOnlyForDeploymentPostprocessing = 0;
		};
/* End PBXFrameworksBuildPhase section */

/* Begin PBXGroup section */
		1DE3228372ED4EA63B9A660E /* Pods */ = {
			isa = PBXGroup;
			children = (
				12EA4E1B099F6186153E5B46 /* Pods-pokedex.debug.xcconfig */,
				0EC08663CD423349D9358435 /* Pods-pokedex.release.xcconfig */,
			);
			name = Pods;
			sourceTree = "<group>";
		};
		C7E237A6A9088E53EF5F0B43 /* Frameworks */ = {
			isa = PBXGroup;
			children = (
				A0B18038480D4D2D714DD76B /* Pods_pokedex.framework */,
			);
			name = Frameworks;
			sourceTree = "<group>";
		};
		D32A42FF1E8D1918000B23B0 /* Resources */ = {
			isa = PBXGroup;
			children = (
				D32A42FD1E8D18ED000B23B0 /* pokemon.ttf */,
				D35623831E88C42A00372875 /* pokemon.csv */,
				D32A43011E8D1BF1000B23B0 /* music.mp3 */,
				D32A43031E8D1BFC000B23B0 /* music.png */,
			);
			name = Resources;
			sourceTree = "<group>";
		};
		D32A43001E8D1951000B23B0 /* Util */ = {
			isa = PBXGroup;
			children = (
				D32A42FB1E8D11C6000B23B0 /* csv.swift */,
				D32A43071E8EB7AB000B23B0 /* Constants.swift */,
			);
			name = Util;
			sourceTree = "<group>";
		};
		D35623471E889E6100372875 = {
			isa = PBXGroup;
			children = (
				D35623521E889E6100372875 /* pokedex */,
				D35623511E889E6100372875 /* Products */,
				1DE3228372ED4EA63B9A660E /* Pods */,
				C7E237A6A9088E53EF5F0B43 /* Frameworks */,
			);
			sourceTree = "<group>";
		};
		D35623511E889E6100372875 /* Products */ = {
			isa = PBXGroup;
			children = (
				D35623501E889E6100372875 /* pokedex.app */,
			);
			name = Products;
			sourceTree = "<group>";
		};
		D35623521E889E6100372875 /* pokedex */ = {
			isa = PBXGroup;
			children = (
				D35623851E88C7A700372875 /* Model */,
				D35623891E88C7CD00372875 /* View */,
				D35623871E88C7C200372875 /* Controller */,
				D32A42FF1E8D1918000B23B0 /* Resources */,
				D32A43001E8D1951000B23B0 /* Util */,
				D35623531E889E6100372875 /* AppDelegate.swift */,
				D35623571E889E6100372875 /* Main.storyboard */,
				D356235A1E889E6100372875 /* Assets.xcassets */,
				D356235C1E889E6100372875 /* LaunchScreen.storyboard */,
				D356235F1E889E6100372875 /* Info.plist */,
			);
			path = pokedex;
			sourceTree = "<group>";
		};
		D35623851E88C7A700372875 /* Model */ = {
			isa = PBXGroup;
			children = (
				D356238A1E88C7ED00372875 /* Pokemon.swift */,
			);
			name = Model;
			sourceTree = "<group>";
		};
		D35623871E88C7C200372875 /* Controller */ = {
			isa = PBXGroup;
			children = (
				D35623551E889E6100372875 /* ViewController.swift */,
				D32A43051E8E3E95000B23B0 /* PokemonDetailVC.swift */,
			);
			name = Controller;
			sourceTree = "<group>";
		};
		D35623891E88C7CD00372875 /* View */ = {
			isa = PBXGroup;
			children = (
				D32A42F91E8C244A000B23B0 /* PokeCell.swift */,
			);
			name = View;
			sourceTree = "<group>";
		};
/* End PBXGroup section */

/* Begin PBXNativeTarget section */
		D356234F1E889E6100372875 /* pokedex */ = {
			isa = PBXNativeTarget;
			buildConfigurationList = D35623621E889E6100372875 /* Build configuration list for PBXNativeTarget "pokedex" */;
			buildPhases = (
				A2688FB0131FB926214314EC /* [CP] Check Pods Manifest.lock */,
				D356234C1E889E6100372875 /* Sources */,
				D356234D1E889E6100372875 /* Frameworks */,
				D356234E1E889E6100372875 /* Resources */,
				44C9B044D6931419A92874C8 /* [CP] Embed Pods Frameworks */,
				F533E92C0B2C7E304BA5D7A5 /* [CP] Copy Pods Resources */,
			);
			buildRules = (
			);
			dependencies = (
			);
			name = pokedex;
			productName = pokedex;
			productReference = D35623501E889E6100372875 /* pokedex.app */;
			productType = "com.apple.product-type.application";
		};
/* End PBXNativeTarget section */

/* Begin PBXProject section */
		D35623481E889E6100372875 /* Project object */ = {
			isa = PBXProject;
			attributes = {
				LastSwiftUpdateCheck = 0820;
				LastUpgradeCheck = 0820;
				ORGANIZATIONNAME = yoki;
				TargetAttributes = {
					D356234F1E889E6100372875 = {
						CreatedOnToolsVersion = 8.2.1;
						LastSwiftMigration = 0820;
						ProvisioningStyle = Automatic;
					};
				};
			};
			buildConfigurationList = D356234B1E889E6100372875 /* Build configuration list for PBXProject "pokedex" */;
			compatibilityVersion = "Xcode 3.2";
			developmentRegion = English;
			hasScannedForEncodings = 0;
			knownRegions = (
				en,
				Base,
			);
			mainGroup = D35623471E889E6100372875;
			productRefGroup = D35623511E889E6100372875 /* Products */;
			projectDirPath = "";
			projectRoot = "";
			targets = (
				D356234F1E889E6100372875 /* pokedex */,
			);
		};
/* End PBXProject section */

/* Begin PBXResourcesBuildPhase section */
		D356234E1E889E6100372875 /* Resources */ = {
			isa = PBXResourcesBuildPhase;
			buildActionMask = 2147483647;
			files = (
				D32A42FE1E8D18EE000B23B0 /* pokemon.ttf in Resources */,
				D32A43041E8D1BFC000B23B0 /* music.png in Resources */,
				D356235E1E889E6100372875 /* LaunchScreen.storyboard in Resources */,
				D32A43021E8D1BF1000B23B0 /* music.mp3 in Resources */,
				D356235B1E889E6100372875 /* Assets.xcassets in Resources */,
				D35623841E88C42A00372875 /* pokemon.csv in Resources */,
				D35623591E889E6100372875 /* Main.storyboard in Resources */,
			);
			runOnlyForDeploymentPostprocessing = 0;
		};
/* End PBXResourcesBuildPhase section */

/* Begin PBXShellScriptBuildPhase section */
		44C9B044D6931419A92874C8 /* [CP] Embed Pods Frameworks */ = {
			isa = PBXShellScriptBuildPhase;
			buildActionMask = 2147483647;
			files = (
			);
			inputPaths = (
			);
			name = "[CP] Embed Pods Frameworks";
			outputPaths = (
			);
			runOnlyForDeploymentPostprocessing = 0;
			shellPath = /bin/sh;
			shellScript = "\"${SRCROOT}/Pods/Target Support Files/Pods-pokedex/Pods-pokedex-frameworks.sh\"\n";
			showEnvVarsInLog = 0;
		};
		A2688FB0131FB926214314EC /* [CP] Check Pods Manifest.lock */ = {
			isa = PBXShellScriptBuildPhase;
			buildActionMask = 2147483647;
			files = (
			);
			inputPaths = (
			);
			name = "[CP] Check Pods Manifest.lock";
			outputPaths = (
			);
			runOnlyForDeploymentPostprocessing = 0;
			shellPath = /bin/sh;
			shellScript = "diff \"${PODS_ROOT}/../Podfile.lock\" \"${PODS_ROOT}/Manifest.lock\" > /dev/null\nif [ $? != 0 ] ; then\n    # print error to STDERR\n    echo \"error: The sandbox is not in sync with the Podfile.lock. Run 'pod install' or update your CocoaPods installation.\" >&2\n    exit 1\nfi\n";
			showEnvVarsInLog = 0;
		};
		F533E92C0B2C7E304BA5D7A5 /* [CP] Copy Pods Resources */ = {
			isa = PBXShellScriptBuildPhase;
			buildActionMask = 2147483647;
			files = (
			);
			inputPaths = (
			);
			name = "[CP] Copy Pods Resources";
			outputPaths = (
			);
			runOnlyForDeploymentPostprocessing = 0;
			shellPath = /bin/sh;
			shellScript = "\"${SRCROOT}/Pods/Target Support Files/Pods-pokedex/Pods-pokedex-resources.sh\"\n";
			showEnvVarsInLog = 0;
		};
/* End PBXShellScriptBuildPhase section */

/* Begin PBXSourcesBuildPhase section */
		D356234C1E889E6100372875 /* Sources */ = {
			isa = PBXSourcesBuildPhase;
			buildActionMask = 2147483647;
			files = (
				D32A42FA1E8C244A000B23B0 /* PokeCell.swift in Sources */,
				D35623561E889E6100372875 /* ViewController.swift in Sources */,
				D35623541E889E6100372875 /* AppDelegate.swift in Sources */,
				D32A43061E8E3E95000B23B0 /* PokemonDetailVC.swift in Sources */,
				D32A43081E8EB7AB000B23B0 /* Constants.swift in Sources */,
				D356238B1E88C7ED00372875 /* Pokemon.swift in Sources */,
				D32A42FC1E8D11C6000B23B0 /* csv.swift in Sources */,
			);
			runOnlyForDeploymentPostprocessing = 0;
		};
/* End PBXSourcesBuildPhase section */

/* Begin PBXVariantGroup section */
		D35623571E889E6100372875 /* Main.storyboard */ = {
			isa = PBXVariantGroup;
			children = (
				D35623581E889E6100372875 /* Base */,
			);
			name = Main.storyboard;
			sourceTree = "<group>";
		};
		D356235C1E889E6100372875 /* LaunchScreen.storyboard */ = {
			isa = PBXVariantGroup;
			children = (
				D356235D1E889E6100372875 /* Base */,
			);
			name = LaunchScreen.storyboard;
			sourceTree = "<group>";
		};
/* End PBXVariantGroup section */

/* Begin XCBuildConfiguration section */
		D35623601E889E6100372875 /* Debug */ = {
			isa = XCBuildConfiguration;
			buildSettings = {
				ALWAYS_SEARCH_USER_PATHS = NO;
				CLANG_ANALYZER_NONNULL = YES;
				CLANG_CXX_LANGUAGE_STANDARD = "gnu++0x";
				CLANG_CXX_LIBRARY = "libc++";
				CLANG_ENABLE_MODULES = YES;
				CLANG_ENABLE_OBJC_ARC = YES;
				CLANG_WARN_BOOL_CONVERSION = YES;
				CLANG_WARN_CONSTANT_CONVERSION = YES;
				CLANG_WARN_DIRECT_OBJC_ISA_USAGE = YES_ERROR;
				CLANG_WARN_DOCUMENTATION_COMMENTS = YES;
				CLANG_WARN_EMPTY_BODY = YES;
				CLANG_WARN_ENUM_CONVERSION = YES;
				CLANG_WARN_INFINITE_RECURSION = YES;
				CLANG_WARN_INT_CONVERSION = YES;
				CLANG_WARN_OBJC_ROOT_CLASS = YES_ERROR;
				CLANG_WARN_SUSPICIOUS_MOVE = YES;
				CLANG_WARN_UNREACHABLE_CODE = YES;
				CLANG_WARN__DUPLICATE_METHOD_MATCH = YES;
				"CODE_SIGN_IDENTITY[sdk=iphoneos*]" = "iPhone Developer";
				COPY_PHASE_STRIP = NO;
				DEBUG_INFORMATION_FORMAT = dwarf;
				ENABLE_STRICT_OBJC_MSGSEND = YES;
				ENABLE_TESTABILITY = YES;
				GCC_C_LANGUAGE_STANDARD = gnu99;
				GCC_DYNAMIC_NO_PIC = NO;
				GCC_NO_COMMON_BLOCKS = YES;
				GCC_OPTIMIZATION_LEVEL = 0;
				GCC_PREPROCESSOR_DEFINITIONS = (
					"DEBUG=1",
					"$(inherited)",
				);
				GCC_WARN_64_TO_32_BIT_CONVERSION = YES;
				GCC_WARN_ABOUT_RETURN_TYPE = YES_ERROR;
				GCC_WARN_UNDECLARED_SELECTOR = YES;
				GCC_WARN_UNINITIALIZED_AUTOS = YES_AGGRESSIVE;
				GCC_WARN_UNUSED_FUNCTION = YES;
				GCC_WARN_UNUSED_VARIABLE = YES;
				IPHONEOS_DEPLOYMENT_TARGET = 10.2;
				MTL_ENABLE_DEBUG_INFO = YES;
				ONLY_ACTIVE_ARCH = YES;
				SDKROOT = iphoneos;
				SWIFT_ACTIVE_COMPILATION_CONDITIONS = DEBUG;
				SWIFT_OPTIMIZATION_LEVEL = "-Onone";
			};
			name = Debug;
		};
		D35623611E889E6100372875 /* Release */ = {
			isa = XCBuildConfiguration;
			buildSettings = {
				ALWAYS_SEARCH_USER_PATHS = NO;
				CLANG_ANALYZER_NONNULL = YES;
				CLANG_CXX_LANGUAGE_STANDARD = "gnu++0x";
				CLANG_CXX_LIBRARY = "libc++";
				CLANG_ENABLE_MODULES = YES;
				CLANG_ENABLE_OBJC_ARC = YES;
				CLANG_WARN_BOOL_CONVERSION = YES;
				CLANG_WARN_CONSTANT_CONVERSION = YES;
				CLANG_WARN_DIRECT_OBJC_ISA_USAGE = YES_ERROR;
				CLANG_WARN_DOCUMENTATION_COMMENTS = YES;
				CLANG_WARN_EMPTY_BODY = YES;
				CLANG_WARN_ENUM_CONVERSION = YES;
				CLANG_WARN_INFINITE_RECURSION = YES;
				CLANG_WARN_INT_CONVERSION = YES;
				CLANG_WARN_OBJC_ROOT_CLASS = YES_ERROR;
				CLANG_WARN_SUSPICIOUS_MOVE = YES;
				CLANG_WARN_UNREACHABLE_CODE = YES;
				CLANG_WARN__DUPLICATE_METHOD_MATCH = YES;
				"CODE_SIGN_IDENTITY[sdk=iphoneos*]" = "iPhone Developer";
				COPY_PHASE_STRIP = NO;
				DEBUG_INFORMATION_FORMAT = "dwarf-with-dsym";
				ENABLE_NS_ASSERTIONS = NO;
				ENABLE_STRICT_OBJC_MSGSEND = YES;
				GCC_C_LANGUAGE_STANDARD = gnu99;
				GCC_NO_COMMON_BLOCKS = YES;
				GCC_WARN_64_TO_32_BIT_CONVERSION = YES;
				GCC_WARN_ABOUT_RETURN_TYPE = YES_ERROR;
				GCC_WARN_UNDECLARED_SELECTOR = YES;
				GCC_WARN_UNINITIALIZED_AUTOS = YES_AGGRESSIVE;
				GCC_WARN_UNUSED_FUNCTION = YES;
				GCC_WARN_UNUSED_VARIABLE = YES;
				IPHONEOS_DEPLOYMENT_TARGET = 10.2;
				MTL_ENABLE_DEBUG_INFO = NO;
				SDKROOT = iphoneos;
				SWIFT_OPTIMIZATION_LEVEL = "-Owholemodule";
				VALIDATE_PRODUCT = YES;
			};
			name = Release;
		};
		D35623631E889E6100372875 /* Debug */ = {
			isa = XCBuildConfiguration;
			baseConfigurationReference = 12EA4E1B099F6186153E5B46 /* Pods-pokedex.debug.xcconfig */;
			buildSettings = {
				ALWAYS_EMBED_SWIFT_STANDARD_LIBRARIES = YES;
				ASSETCATALOG_COMPILER_APPICON_NAME = AppIcon;
				INFOPLIST_FILE = pokedex/Info.plist;
				LD_RUNPATH_SEARCH_PATHS = "$(inherited) @executable_path/Frameworks";
				PRODUCT_BUNDLE_IDENTIFIER = com.yyokii.pokedex;
				PRODUCT_NAME = "$(TARGET_NAME)";
				SWIFT_VERSION = 3.0;
			};
			name = Debug;
		};
		D35623641E889E6100372875 /* Release */ = {
			isa = XCBuildConfiguration;
			baseConfigurationReference = 0EC08663CD423349D9358435 /* Pods-pokedex.release.xcconfig */;
			buildSettings = {
				ALWAYS_EMBED_SWIFT_STANDARD_LIBRARIES = YES;
				ASSETCATALOG_COMPILER_APPICON_NAME = AppIcon;
				INFOPLIST_FILE = pokedex/Info.plist;
				LD_RUNPATH_SEARCH_PATHS = "$(inherited) @executable_path/Frameworks";
				PRODUCT_BUNDLE_IDENTIFIER = com.yyokii.pokedex;
				PRODUCT_NAME = "$(TARGET_NAME)";
				SWIFT_VERSION = 3.0;
			};
			name = Release;
		};
/* End XCBuildConfiguration section */

/* Begin XCConfigurationList section */
		D356234B1E889E6100372875 /* Build configuration list for PBXProject "pokedex" */ = {
			isa = XCConfigurationList;
			buildConfigurations = (
				D35623601E889E6100372875 /* Debug */,
				D35623611E889E6100372875 /* Release */,
			);
			defaultConfigurationIsVisible = 0;
			defaultConfigurationName = Release;
		};
		D35623621E889E6100372875 /* Build configuration list for PBXNativeTarget "pokedex" */ = {
			isa = XCConfigurationList;
			buildConfigurations = (
				D35623631E889E6100372875 /* Debug */,
				D35623641E889E6100372875 /* Release */,
			);
			defaultConfigurationIsVisible = 0;
			defaultConfigurationName = Release;
		};
/* End XCConfigurationList section */
	};
	rootObject = D35623481E889E6100372875 /* Project object */;
}
